
Microsoft Visual Studio Solution File, Format Version 12.00
# Visual Studio Version 16
VisualStudioVersion = 16.0.30128.36
MinimumVisualStudioVersion = 10.0.40219.1
Project("{9A19103F-16F7-4668-BE54-9A1E7A4F7556}") = "Tandem.Api", "Tandem.Api\Tandem.Api.csproj", "{F2758355-4094-4444-8412-7FE40A2BC01F}"
EndProject
Project("{9A19103F-16F7-4668-BE54-9A1E7A4F7556}") = "Tandem.Application", "Tandem.Application\Tandem.Application.csproj", "{7A0C79EC-8C83-40BA-906E-3185ACF2408C}"
EndProject
Project("{9A19103F-16F7-4668-BE54-9A1E7A4F7556}") = "Tandem.Domain", "Tandem.Domain\Tandem.Domain.csproj", "{188276C2-7F45-4353-9B42-7E2F6472A466}"
EndProject
Project("{9A19103F-16F7-4668-BE54-9A1E7A4F7556}") = "Tandem.Infrastructure.CosmosDB", "Tandem.Infrastructure.CosmosDB\Tandem.Infrastructure.CosmosDB.csproj", "{C027FC98-9022-4A0B-8BD8-A794B3476CF7}"
EndProject
Project("{9A19103F-16F7-4668-BE54-9A1E7A4F7556}") = "Tandem.Domain.Tests.Unit", "Tandem.Domain.Tests.Unit\Tandem.Domain.Tests.Unit.csproj", "{36D3BB76-9380-43FE-96C2-C24BF65881CD}"
EndProject
Project("{9A19103F-16F7-4668-BE54-9A1E7A4F7556}") = "Tandem.Kernel", "Tandem.Kernel\Tandem.Kernel.csproj", "{EF7A4461-3847-40A3-AB08-9F943A92FBEF}"
EndProject
Project("{9A19103F-16F7-4668-BE54-9A1E7A4F7556}") = "Tandem.Application.Tests.Unit", "Tandem.Application.Tests.Unit\Tandem.Application.Tests.Unit.csproj", "{592648AA-65EC-46D6-8988-F1F93DDAA749}"
EndProject
Project("{9A19103F-16F7-4668-BE54-9A1E7A4F7556}") = "Tandem.Api.Tests.Unit", "Tandem.Api.Tests.Unit\Tandem.Api.Tests.Unit.csproj", "{E8EB6D67-15DF-4DE8-9C05-1A3B3371EB07}"
EndProject
Project("{FAE04EC0-301F-11D3-BF4B-00C04F79EFBC}") = "Tandem.Infrastructure.CosmosDB.Tests.Unit", "Tandem.Infrastructure.CosmosDB.Tests.Unit\Tandem.Infrastructure.CosmosDB.Tests.Unit.csproj", "{8AC75B0F-178B-40D5-9610-3697A8FA7784}"
EndProject
Global
	GlobalSection(SolutionConfigurationPlatforms) = preSolution
		Debug|Any CPU = Debug|Any CPU
		Release|Any CPU = Release|Any CPU
	EndGlobalSection
	GlobalSection(ProjectConfigurationPlatforms) = postSolution
		{F2758355-4094-4444-8412-7FE40A2BC01F}.Debug|Any CPU.ActiveCfg = Debug|Any CPU
		{F2758355-4094-4444-8412-7FE40A2BC01F}.Debug|Any CPU.Build.0 = Debug|Any CPU
		{F2758355-4094-4444-8412-7FE40A2BC01F}.Release|Any CPU.ActiveCfg = Release|Any CPU
		{F2758355-4094-4444-8412-7FE40A2BC01F}.Release|Any CPU.Build.0 = Release|Any CPU
		{7A0C79EC-8C83-40BA-906E-3185ACF2408C}.Debug|Any CPU.ActiveCfg = Debug|Any CPU
		{7A0C79EC-8C83-40BA-906E-3185ACF2408C}.Debug|Any CPU.Build.0 = Debug|Any CPU
		{7A0C79EC-8C83-40BA-906E-3185ACF2408C}.Release|Any CPU.ActiveCfg = Release|Any CPU
		{7A0C79EC-8C83-40BA-906E-3185ACF2408C}.Release|Any CPU.Build.0 = Release|Any CPU
		{188276C2-7F45-4353-9B42-7E2F6472A466}.Debug|Any CPU.ActiveCfg = Debug|Any CPU
		{188276C2-7F45-4353-9B42-7E2F6472A466}.Debug|Any CPU.Build.0 = Debug|Any CPU
		{188276C2-7F45-4353-9B42-7E2F6472A466}.Release|Any CPU.ActiveCfg = Release|Any CPU
		{188276C2-7F45-4353-9B42-7E2F6472A466}.Release|Any CPU.Build.0 = Release|Any CPU
		{C027FC98-9022-4A0B-8BD8-A794B3476CF7}.Debug|Any CPU.ActiveCfg = Debug|Any CPU
		{C027FC98-9022-4A0B-8BD8-A794B3476CF7}.Debug|Any CPU.Build.0 = Debug|Any CPU
		{C027FC98-9022-4A0B-8BD8-A794B3476CF7}.Release|Any CPU.ActiveCfg = Release|Any CPU
		{C027FC98-9022-4A0B-8BD8-A794B3476CF7}.Release|Any CPU.Build.0 = Release|Any CPU
		{36D3BB76-9380-43FE-96C2-C24BF65881CD}.Debug|Any CPU.ActiveCfg = Debug|Any CPU
		{36D3BB76-9380-43FE-96C2-C24BF65881CD}.Debug|Any CPU.Build.0 = Debug|Any CPU
		{36D3BB76-9380-43FE-96C2-C24BF65881CD}.Release|Any CPU.ActiveCfg = Release|Any CPU
		{36D3BB76-9380-43FE-96C2-C24BF65881CD}.Release|Any CPU.Build.0 = Release|Any CPU
		{EF7A4461-3847-40A3-AB08-9F943A92FBEF}.Debug|Any CPU.ActiveCfg = Debug|Any CPU
		{EF7A4461-3847-40A3-AB08-9F943A92FBEF}.Debug|Any CPU.Build.0 = Debug|Any CPU
		{EF7A4461-3847-40A3-AB08-9F943A92FBEF}.Release|Any CPU.ActiveCfg = Release|Any CPU
		{EF7A4461-3847-40A3-AB08-9F943A92FBEF}.Release|Any CPU.Build.0 = Release|Any CPU
		{592648AA-65EC-46D6-8988-F1F93DDAA749}.Debug|Any CPU.ActiveCfg = Debug|Any CPU
		{592648AA-65EC-46D6-8988-F1F93DDAA749}.Debug|Any CPU.Build.0 = Debug|Any CPU
		{592648AA-65EC-46D6-8988-F1F93DDAA749}.Release|Any CPU.ActiveCfg = Release|Any CPU
		{592648AA-65EC-46D6-8988-F1F93DDAA749}.Release|Any CPU.Build.0 = Release|Any CPU
		{E8EB6D67-15DF-4DE8-9C05-1A3B3371EB07}.Debug|Any CPU.ActiveCfg = Debug|Any CPU
		{E8EB6D67-15DF-4DE8-9C05-1A3B3371EB07}.Debug|Any CPU.Build.0 = Debug|Any CPU
		{E8EB6D67-15DF-4DE8-9C05-1A3B3371EB07}.Release|Any CPU.ActiveCfg = Release|Any CPU
		{E8EB6D67-15DF-4DE8-9C05-1A3B3371EB07}.Release|Any CPU.Build.0 = Release|Any CPU
		{8AC75B0F-178B-40D5-9610-3697A8FA7784}.Debug|Any CPU.ActiveCfg = Debug|Any CPU
		{8AC75B0F-178B-40D5-9610-3697A8FA7784}.Debug|Any CPU.Build.0 = Debug|Any CPU
		{8AC75B0F-178B-40D5-9610-3697A8FA7784}.Release|Any CPU.ActiveCfg = Release|Any CPU
		{8AC75B0F-178B-40D5-9610-3697A8FA7784}.Release|Any CPU.Build.0 = Release|Any CPU
	EndGlobalSection
	GlobalSection(SolutionProperties) = preSolution
		HideSolutionNode = FALSE
	EndGlobalSection
	GlobalSection(ExtensibilityGlobals) = postSolution
		SolutionGuid = {699BD871-9759-4F55-BBA6-C564A455B6B0}
	EndGlobalSection
EndGlobal
